
Microsoft Visual Studio Solution File, Format Version 12.00
# Visual Studio 15
VisualStudioVersion = 15.0.28307.1321
MinimumVisualStudioVersion = 10.0.40219.1
Project("{FAE04EC0-301F-11D3-BF4B-00C04F79EFBC}") = "UpLoadZip.Web", "UpLoadZip.Web\UpLoadZip.Web.csproj", "{15705E83-E948-4546-BF31-BB025F9D28E4}"
EndProject
Project("{FAE04EC0-301F-11D3-BF4B-00C04F79EFBC}") = "UpLoadZip.TEst", "UpLoadZip.TEst\UpLoadZip.TEst.csproj", "{37EA4613-B255-4CE5-A203-977314F4E5D5}"
EndProject
Global
	GlobalSection(SolutionConfigurationPlatforms) = preSolution
		Debug|Any CPU = Debug|Any CPU
		Release|Any CPU = Release|Any CPU
	EndGlobalSection
	GlobalSection(ProjectConfigurationPlatforms) = postSolution
		{15705E83-E948-4546-BF31-BB025F9D28E4}.Debug|Any CPU.ActiveCfg = Debug|Any CPU
		{15705E83-E948-4546-BF31-BB025F9D28E4}.Debug|Any CPU.Build.0 = Debug|Any CPU
		{15705E83-E948-4546-BF31-BB025F9D28E4}.Release|Any CPU.ActiveCfg = Release|Any CPU
		{15705E83-E948-4546-BF31-BB025F9D28E4}.Release|Any CPU.Build.0 = Release|Any CPU
		{37EA4613-B255-4CE5-A203-977314F4E5D5}.Debug|Any CPU.ActiveCfg = Debug|Any CPU
		{37EA4613-B255-4CE5-A203-977314F4E5D5}.Debug|Any CPU.Build.0 = Debug|Any CPU
		{37EA4613-B255-4CE5-A203-977314F4E5D5}.Release|Any CPU.ActiveCfg = Release|Any CPU
		{37EA4613-B255-4CE5-A203-977314F4E5D5}.Release|Any CPU.Build.0 = Release|Any CPU
	EndGlobalSection
	GlobalSection(SolutionProperties) = preSolution
		HideSolutionNode = FALSE
	EndGlobalSection
	GlobalSection(ExtensibilityGlobals) = postSolution
		SolutionGuid = {A2DA2D8B-38E2-4A6C-8D37-19CF75423E30}
	EndGlobalSection
EndGlobal
